
Microsoft Visual Studio Solution File, Format Version 12.00
# Visual Studio Version 17
VisualStudioVersion = 17.1.32328.378
MinimumVisualStudioVersion = 10.0.40219.1
Project("{9A19103F-16F7-4668-BE54-9A1E7A4F7556}") = "PW3-2022-1C-Clase-1-consola", "PW3-2022-1C-Clase-1-consola\PW3-2022-1C-Clase-1-consola.csproj", "{5F4DF531-6F97-4476-AA69-3E9714DCDBAD}"
EndProject
Project("{FAE04EC0-301F-11D3-BF4B-00C04F79EFBC}") = "PW3-2022-1C-Clase1-WinForm", "PW3-2022-1C-Clase1-WinForm\PW3-2022-1C-Clase1-WinForm.csproj", "{80F9E71B-26FA-493B-B330-D6045EF63950}"
EndProject
Project("{FAE04EC0-301F-11D3-BF4B-00C04F79EFBC}") = "PW3-2022-1C-Clase-1.Entidades", "PW3-2022-1C-Clase-1.Entidades\PW3-2022-1C-Clase-1.Entidades.csproj", "{1783C6AB-CBE1-46E1-BAA7-E0AA720503B6}"
EndProject
Global
	GlobalSection(SolutionConfigurationPlatforms) = preSolution
		Debug|Any CPU = Debug|Any CPU
		Release|Any CPU = Release|Any CPU
	EndGlobalSection
	GlobalSection(ProjectConfigurationPlatforms) = postSolution
		{5F4DF531-6F97-4476-AA69-3E9714DCDBAD}.Debug|Any CPU.ActiveCfg = Debug|Any CPU
		{5F4DF531-6F97-4476-AA69-3E9714DCDBAD}.Debug|Any CPU.Build.0 = Debug|Any CPU
		{5F4DF531-6F97-4476-AA69-3E9714DCDBAD}.Release|Any CPU.ActiveCfg = Release|Any CPU
		{5F4DF531-6F97-4476-AA69-3E9714DCDBAD}.Release|Any CPU.Build.0 = Release|Any CPU
		{80F9E71B-26FA-493B-B330-D6045EF63950}.Debug|Any CPU.ActiveCfg = Debug|Any CPU
		{80F9E71B-26FA-493B-B330-D6045EF63950}.Debug|Any CPU.Build.0 = Debug|Any CPU
		{80F9E71B-26FA-493B-B330-D6045EF63950}.Release|Any CPU.ActiveCfg = Release|Any CPU
		{80F9E71B-26FA-493B-B330-D6045EF63950}.Release|Any CPU.Build.0 = Release|Any CPU
		{1783C6AB-CBE1-46E1-BAA7-E0AA720503B6}.Debug|Any CPU.ActiveCfg = Debug|Any CPU
		{1783C6AB-CBE1-46E1-BAA7-E0AA720503B6}.Debug|Any CPU.Build.0 = Debug|Any CPU
		{1783C6AB-CBE1-46E1-BAA7-E0AA720503B6}.Release|Any CPU.ActiveCfg = Release|Any CPU
		{1783C6AB-CBE1-46E1-BAA7-E0AA720503B6}.Release|Any CPU.Build.0 = Release|Any CPU
	EndGlobalSection
	GlobalSection(SolutionProperties) = preSolution
		HideSolutionNode = FALSE
	EndGlobalSection
	GlobalSection(ExtensibilityGlobals) = postSolution
		SolutionGuid = {CCFFBC1B-95A9-4408-BA13-E518E71CCDCD}
	EndGlobalSection
EndGlobal
